
Microsoft Visual Studio Solution File, Format Version 12.00
# Visual Studio 15
VisualStudioVersion = 15.0.28010.2050
MinimumVisualStudioVersion = 10.0.40219.1
Project("{9A19103F-16F7-4668-BE54-9A1E7A4F7556}") = "ReviewConditionalsLoopsCollections", "ReviewConditionalsLoopsCollections\ReviewConditionalsLoopsCollections.csproj", "{A1CAAFDF-5188-40C6-AD44-2F1D62C43F0D}"
EndProject
Project("{FAE04EC0-301F-11D3-BF4B-00C04F79EFBC}") = "WPF-Student", "WPF-Student\WPF-Student.csproj", "{5DD11FF1-26EB-4FF3-8FD4-C418D0656DF6}"
EndProject
Global
	GlobalSection(SolutionConfigurationPlatforms) = preSolution
		Debug|Any CPU = Debug|Any CPU
		Release|Any CPU = Release|Any CPU
	EndGlobalSection
	GlobalSection(ProjectConfigurationPlatforms) = postSolution
		{A1CAAFDF-5188-40C6-AD44-2F1D62C43F0D}.Debug|Any CPU.ActiveCfg = Debug|Any CPU
		{A1CAAFDF-5188-40C6-AD44-2F1D62C43F0D}.Debug|Any CPU.Build.0 = Debug|Any CPU
		{A1CAAFDF-5188-40C6-AD44-2F1D62C43F0D}.Release|Any CPU.ActiveCfg = Release|Any CPU
		{A1CAAFDF-5188-40C6-AD44-2F1D62C43F0D}.Release|Any CPU.Build.0 = Release|Any CPU
		{5DD11FF1-26EB-4FF3-8FD4-C418D0656DF6}.Debug|Any CPU.ActiveCfg = Debug|Any CPU
		{5DD11FF1-26EB-4FF3-8FD4-C418D0656DF6}.Debug|Any CPU.Build.0 = Debug|Any CPU
		{5DD11FF1-26EB-4FF3-8FD4-C418D0656DF6}.Release|Any CPU.ActiveCfg = Release|Any CPU
		{5DD11FF1-26EB-4FF3-8FD4-C418D0656DF6}.Release|Any CPU.Build.0 = Release|Any CPU
	EndGlobalSection
	GlobalSection(SolutionProperties) = preSolution
		HideSolutionNode = FALSE
	EndGlobalSection
	GlobalSection(ExtensibilityGlobals) = postSolution
		SolutionGuid = {33131DB1-970D-4911-9F78-3866C771657E}
	EndGlobalSection
EndGlobal
