
Microsoft Visual Studio Solution File, Format Version 12.00
# Visual Studio 15
VisualStudioVersion = 15.0.28010.2050
MinimumVisualStudioVersion = 10.0.40219.1
Project("{FAE04EC0-301F-11D3-BF4B-00C04F79EFBC}") = "ConsoleApp1", "ConsoleApp1\ConsoleApp1.csproj", "{FCA094E8-8340-4126-A103-1C4CE812845E}"
EndProject
Global
	GlobalSection(SolutionConfigurationPlatforms) = preSolution
		Debug|Any CPU = Debug|Any CPU
		Release|Any CPU = Release|Any CPU
	EndGlobalSection
	GlobalSection(ProjectConfigurationPlatforms) = postSolution
		{FCA094E8-8340-4126-A103-1C4CE812845E}.Debug|Any CPU.ActiveCfg = Debug|Any CPU
		{FCA094E8-8340-4126-A103-1C4CE812845E}.Debug|Any CPU.Build.0 = Debug|Any CPU
		{FCA094E8-8340-4126-A103-1C4CE812845E}.Release|Any CPU.ActiveCfg = Release|Any CPU
		{FCA094E8-8340-4126-A103-1C4CE812845E}.Release|Any CPU.Build.0 = Release|Any CPU
	EndGlobalSection
	GlobalSection(SolutionProperties) = preSolution
		HideSolutionNode = FALSE
	EndGlobalSection
	GlobalSection(ExtensibilityGlobals) = postSolution
		SolutionGuid = {C5343693-ADDD-4D3B-8355-8A6945A542F3}
	EndGlobalSection
EndGlobal
